{
  "name": "primo-explore-bclib-new",
  "version": "0.0.1",
  "dependencies": {
    "primo-explore-bc-availability": {
      "version": "0.0.1",
      "from": "bclibraries/primo-explore-bc-availability",
      "resolved": "git://github.com/bclibraries/primo-explore-bc-availability.git#49221ba0a938d50f8ab4b46198d21cf479e0a57d"
    },
    "primo-explore-bc-header": {
      "version": "0.0.1",
      "from": "bclibraries/primo-explore-bc-header",
      "resolved": "git://github.com/bclibraries/primo-explore-bc-header.git#e73668a51bc7b5b33bbfdd22ca26e1a350ec585e"
    },
    "primo-explore-bc-permalink": {
      "version": "0.0.1",
      "from": "git+ssh://git@git.bc.edu:7999/bcl/primo-explore-bc-permalink.git",
      "resolved": "git+ssh://git@git.bc.edu:7999/bcl/primo-explore-bc-permalink.git#5104b64a4a2ffd7a4c2eeec76e1e0bc2e36f9d56"
    },
    "primo-explore-bc-staging": {
      "version": "0.0.1",
      "from": "bclibraries/primo-explore-bc-staging",
      "resolved": "git://github.com/bclibraries/primo-explore-bc-staging.git#1965c21366f6724a3183ef2af13376f866fa248f"
    },
    "primo-explore-bottom-toolbar": {
      "version": "0.0.1",
      "from": "bclibraries/primo-explore-bottom-toolbar",
      "resolved": "git://github.com/bclibraries/primo-explore-bottom-toolbar.git#9852f9e66a5f1fa707dfcec79b740d449ecadba5"
    },
    "primo-explore-gallery-item": {
      "version": "0.0.1",
      "from": "bclibraries/primo-explore-gallery-item",
      "resolved": "git://github.com/bclibraries/primo-explore-gallery-item.git#beb89575cd5053246ef977889dd0290aae7f931e"
    },
    "primo-explore-hathitrust-availability": {
      "version": "2.5.0",
      "from": "primo-explore-hathitrust-availability@2.5.0",
      "resolved": "https://registry.npmjs.org/primo-explore-hathitrust-availability/-/primo-explore-hathitrust-availability-2.5.0.tgz"
    },
    "primo-explore-noresults": {
      "version": "0.0.1",
      "from": "bclibraries/primo-explore-noresults",
      "resolved": "git://github.com/bclibraries/primo-explore-noresults.git#5a4453c4b456b6033d7c077d6bb189f22b7473f9"
    },
    "primo-explore-proxy-borrower": {
      "version": "0.0.1",
      "from": "bclibraries/primo-explore-proxy-borrower",
      "resolved": "git://github.com/bclibraries/primo-explore-proxy-borrower.git#c2a9b978f9d969f1363fe418307e4fcffe1749c6"
    },
    "primo-explore-search-collections": {
      "version": "0.0.1",
      "from": "bclibraries/primo-explore-search-collections",
      "resolved": "git://github.com/bclibraries/primo-explore-search-collections.git#095c33f100b2a6316f112874de7e4c375c2f00c3"
    }
  }
}
